
Microsoft Visual Studio Solution File, Format Version 12.00
# Visual Studio Version 17
VisualStudioVersion = 17.6.33723.286
MinimumVisualStudioVersion = 10.0.40219.1
Project("{9A19103F-16F7-4668-BE54-9A1E7A4F7556}") = "SimpleApi.StatelessBackgroundServices", "SimpleApi.StatelessBackgroundServices.csproj", "{2130F236-85A7-4778-A8FF-F9665C24D792}"
EndProject
Global
	GlobalSection(SolutionConfigurationPlatforms) = preSolution
		Debug|Any CPU = Debug|Any CPU
		Release|Any CPU = Release|Any CPU
	EndGlobalSection
	GlobalSection(ProjectConfigurationPlatforms) = postSolution
		{2130F236-85A7-4778-A8FF-F9665C24D792}.Debug|Any CPU.ActiveCfg = Debug|Any CPU
		{2130F236-85A7-4778-A8FF-F9665C24D792}.Debug|Any CPU.Build.0 = Debug|Any CPU
		{2130F236-85A7-4778-A8FF-F9665C24D792}.Release|Any CPU.ActiveCfg = Release|Any CPU
		{2130F236-85A7-4778-A8FF-F9665C24D792}.Release|Any CPU.Build.0 = Release|Any CPU
	EndGlobalSection
	GlobalSection(SolutionProperties) = preSolution
		HideSolutionNode = FALSE
	EndGlobalSection
	GlobalSection(ExtensibilityGlobals) = postSolution
		SolutionGuid = {20C68485-EAE3-4019-B1F1-9138B142CED1}
	EndGlobalSection
EndGlobal
